Microsoft Visual Studio Solution File, Format Version 12.00
# Visual Studio 2013
VisualStudioVersion = 12.0.31101.0
MinimumVisualStudioVersion = 10.0.40219.1
Project("{FAE04EC0-301F-11D3-BF4B-00C04F79EFBC}") = "LinkChecker", "LinkChecker\LinkChecker.csproj", "{D95E010F-C175-441B-98C9-C0C43A86C5B1}"
EndProject
Project("{FAE04EC0-301F-11D3-BF4B-00C04F79EFBC}") = "Punycode.Tests", "PunyCode.Tests\Punycode.Tests.csproj", "{6C080934-E0A3-46DC-A633-F8D935B6083B}"
EndProject
Project("{FAE04EC0-301F-11D3-BF4B-00C04F79EFBC}") = "PunyCode", "PunyCode\PunyCode.csproj", "{8FA55D42-2513-47F3-B2EE-007F706B47B1}"
EndProject
Global
	GlobalSection(SolutionConfigurationPlatforms) = preSolution
		Debug|Any CPU = Debug|Any CPU
		Release|Any CPU = Release|Any CPU
	EndGlobalSection
	GlobalSection(ProjectConfigurationPlatforms) = postSolution
		{D95E010F-C175-441B-98C9-C0C43A86C5B1}.Debug|Any CPU.ActiveCfg = Debug|Any CPU
		{D95E010F-C175-441B-98C9-C0C43A86C5B1}.Debug|Any CPU.Build.0 = Debug|Any CPU
		{D95E010F-C175-441B-98C9-C0C43A86C5B1}.Release|Any CPU.ActiveCfg = Release|Any CPU
		{D95E010F-C175-441B-98C9-C0C43A86C5B1}.Release|Any CPU.Build.0 = Release|Any CPU
		{6C080934-E0A3-46DC-A633-F8D935B6083B}.Debug|Any CPU.ActiveCfg = Debug|Any CPU
		{6C080934-E0A3-46DC-A633-F8D935B6083B}.Debug|Any CPU.Build.0 = Debug|Any CPU
		{6C080934-E0A3-46DC-A633-F8D935B6083B}.Release|Any CPU.ActiveCfg = Release|Any CPU
		{6C080934-E0A3-46DC-A633-F8D935B6083B}.Release|Any CPU.Build.0 = Release|Any CPU
		{8FA55D42-2513-47F3-B2EE-007F706B47B1}.Debug|Any CPU.ActiveCfg = Debug|Any CPU
		{8FA55D42-2513-47F3-B2EE-007F706B47B1}.Debug|Any CPU.Build.0 = Debug|Any CPU
		{8FA55D42-2513-47F3-B2EE-007F706B47B1}.Release|Any CPU.ActiveCfg = Release|Any CPU
		{8FA55D42-2513-47F3-B2EE-007F706B47B1}.Release|Any CPU.Build.0 = Release|Any CPU
	EndGlobalSection
	GlobalSection(SolutionProperties) = preSolution
		HideSolutionNode = FALSE
	EndGlobalSection
EndGlobal
